
Microsoft Visual Studio Solution File, Format Version 12.00
# Visual Studio Version 17
VisualStudioVersion = 17.6.33801.468
MinimumVisualStudioVersion = 10.0.40219.1
Project("{FAE04EC0-301F-11D3-BF4B-00C04F79EFBC}") = "PracticalSixteen", "PracticalSixteen\PracticalSixteen.csproj", "{CFC351E5-A6CB-490C-9D0A-DCE8B835C3A2}"
EndProject
Global
	GlobalSection(SolutionConfigurationPlatforms) = preSolution
		Debug|Any CPU = Debug|Any CPU
		Release|Any CPU = Release|Any CPU
	EndGlobalSection
	GlobalSection(ProjectConfigurationPlatforms) = postSolution
		{CFC351E5-A6CB-490C-9D0A-DCE8B835C3A2}.Debug|Any CPU.ActiveCfg = Debug|Any CPU
		{CFC351E5-A6CB-490C-9D0A-DCE8B835C3A2}.Debug|Any CPU.Build.0 = Debug|Any CPU
		{CFC351E5-A6CB-490C-9D0A-DCE8B835C3A2}.Release|Any CPU.ActiveCfg = Release|Any CPU
		{CFC351E5-A6CB-490C-9D0A-DCE8B835C3A2}.Release|Any CPU.Build.0 = Release|Any CPU
	EndGlobalSection
	GlobalSection(SolutionProperties) = preSolution
		HideSolutionNode = FALSE
	EndGlobalSection
	GlobalSection(ExtensibilityGlobals) = postSolution
		SolutionGuid = {1960AB2F-8814-4313-A285-96E64F99D8E3}
	EndGlobalSection
EndGlobal
